// !$*UTF8*$!
{
	archiveVersion = 1;
	classes = {
	};
	objectVersion = 52;
	objects = {

/* Begin PBXBuildFile section */
		D19BD195260DB45300B3FEB8 /* FootballNetworking in Frameworks */ = {isa = PBXBuildFile; productRef = D19BD194260DB45300B3FEB8 /* FootballNetworking */; };
		D19BD1BF260FC51000B3FEB8 /* ImageViewModel.swift in Sources */ = {isa = PBXBuildFile; fileRef = D19BD1BE260FC51000B3FEB8 /* ImageViewModel.swift */; };
		D19BD20D2614CF9300B3FEB8 /* FootballViewModel.swift in Sources */ = {isa = PBXBuildFile; fileRef = D19BD20C2614CF9300B3FEB8 /* FootballViewModel.swift */; };
		D19BD2102614CFC900B3FEB8 /* ArchiveViewModel.swift in Sources */ = {isa = PBXBuildFile; fileRef = D19BD20F2614CFC900B3FEB8 /* ArchiveViewModel.swift */; };
		D19BD2172614D0AA00B3FEB8 /* NavigationView.swift in Sources */ = {isa = PBXBuildFile; fileRef = D19BD2162614D0AA00B3FEB8 /* NavigationView.swift */; };
		D19BD21A2614D0DE00B3FEB8 /* NavigationModel.swift in Sources */ = {isa = PBXBuildFile; fileRef = D19BD2192614D0DE00B3FEB8 /* NavigationModel.swift */; };
		D19BD21D2614D10B00B3FEB8 /* NavigationViewModel.swift in Sources */ = {isa = PBXBuildFile; fileRef = D19BD21C2614D10B00B3FEB8 /* NavigationViewModel.swift */; };
		D19BD2232614D90200B3FEB8 /* LeaguesScreen.swift in Sources */ = {isa = PBXBuildFile; fileRef = D19BD2222614D90200B3FEB8 /* LeaguesScreen.swift */; };
		D19BD2262614D93500B3FEB8 /* CountriesScreen.swift in Sources */ = {isa = PBXBuildFile; fileRef = D19BD2252614D93500B3FEB8 /* CountriesScreen.swift */; };
		D19BD2302614EE0F00B3FEB8 /* GamesScreen.swift in Sources */ = {isa = PBXBuildFile; fileRef = D19BD22F2614EE0F00B3FEB8 /* GamesScreen.swift */; };
		D19BD23C26158ACB00B3FEB8 /* SeasonsScreen.swift in Sources */ = {isa = PBXBuildFile; fileRef = D19BD23B26158ACB00B3FEB8 /* SeasonsScreen.swift */; };
		D1B52DBF2615D42E00843334 /* Collection.swift in Sources */ = {isa = PBXBuildFile; fileRef = D1B52DBE2615D42E00843334 /* Collection.swift */; };
		D1B52DC32615D77C00843334 /* Archive+Identifiable.swift in Sources */ = {isa = PBXBuildFile; fileRef = D1B52DC22615D77C00843334 /* Archive+Identifiable.swift */; };
		D1B52DCE26160EF600843334 /* HeaderView.swift in Sources */ = {isa = PBXBuildFile; fileRef = D1B52DCD26160EF600843334 /* HeaderView.swift */; };
		D1F129A8260D987500161270 /* OTUS_DudarevIvan_HW02App.swift in Sources */ = {isa = PBXBuildFile; fileRef = D1F129A7260D987500161270 /* OTUS_DudarevIvan_HW02App.swift */; };
		D1F129AA260D987500161270 /* SportsScreen.swift in Sources */ = {isa = PBXBuildFile; fileRef = D1F129A9260D987500161270 /* SportsScreen.swift */; };
		D1F129AC260D987600161270 /* Assets.xcassets in Resources */ = {isa = PBXBuildFile; fileRef = D1F129AB260D987600161270 /* Assets.xcassets */; };
		D1F129AF260D987600161270 /* Preview Assets.xcassets in Resources */ = {isa = PBXBuildFile; fileRef = D1F129AE260D987600161270 /* Preview Assets.xcassets */; };
		D1F129BE260D99A200161270 /* football.yaml in Resources */ = {isa = PBXBuildFile; fileRef = D1F129BA260D99A200161270 /* football.yaml */; };
		D1F129C1260D99A200161270 /* generateFootball.sh in Resources */ = {isa = PBXBuildFile; fileRef = D1F129BD260D99A200161270 /* generateFootball.sh */; };
/* End PBXBuildFile section */

/* Begin PBXFileReference section */
		D19BD1BE260FC51000B3FEB8 /* ImageViewModel.swift */ = {isa = PBXFileReference; lastKnownFileType = sourcecode.swift; path = ImageViewModel.swift; sourceTree = "<group>"; };
		D19BD20C2614CF9300B3FEB8 /* FootballViewModel.swift */ = {isa = PBXFileReference; lastKnownFileType = sourcecode.swift; path = FootballViewModel.swift; sourceTree = "<group>"; };
		D19BD20F2614CFC900B3FEB8 /* ArchiveViewModel.swift */ = {isa = PBXFileReference; lastKnownFileType = sourcecode.swift; path = ArchiveViewModel.swift; sourceTree = "<group>"; };
		D19BD2162614D0AA00B3FEB8 /* NavigationView.swift */ = {isa = PBXFileReference; lastKnownFileType = sourcecode.swift; path = NavigationView.swift; sourceTree = "<group>"; };
		D19BD2192614D0DE00B3FEB8 /* NavigationModel.swift */ = {isa = PBXFileReference; lastKnownFileType = sourcecode.swift; path = NavigationModel.swift; sourceTree = "<group>"; };
		D19BD21C2614D10B00B3FEB8 /* NavigationViewModel.swift */ = {isa = PBXFileReference; lastKnownFileType = sourcecode.swift; path = NavigationViewModel.swift; sourceTree = "<group>"; };
		D19BD2222614D90200B3FEB8 /* LeaguesScreen.swift */ = {isa = PBXFileReference; lastKnownFileType = sourcecode.swift; path = LeaguesScreen.swift; sourceTree = "<group>"; };
		D19BD2252614D93500B3FEB8 /* CountriesScreen.swift */ = {isa = PBXFileReference; lastKnownFileType = sourcecode.swift; path = CountriesScreen.swift; sourceTree = "<group>"; };
		D19BD22F2614EE0F00B3FEB8 /* GamesScreen.swift */ = {isa = PBXFileReference; lastKnownFileType = sourcecode.swift; path = GamesScreen.swift; sourceTree = "<group>"; };
		D19BD23B26158ACB00B3FEB8 /* SeasonsScreen.swift */ = {isa = PBXFileReference; lastKnownFileType = sourcecode.swift; path = SeasonsScreen.swift; sourceTree = "<group>"; };
		D1B52DBE2615D42E00843334 /* Collection.swift */ = {isa = PBXFileReference; lastKnownFileType = sourcecode.swift; path = Collection.swift; sourceTree = "<group>"; };
		D1B52DC22615D77C00843334 /* Archive+Identifiable.swift */ = {isa = PBXFileReference; lastKnownFileType = sourcecode.swift; path = "Archive+Identifiable.swift"; sourceTree = "<group>"; };
		D1B52DCD26160EF600843334 /* HeaderView.swift */ = {isa = PBXFileReference; lastKnownFileType = sourcecode.swift; path = HeaderView.swift; sourceTree = "<group>"; };
		D1F129A4260D987500161270 /* OTUS-DudarevIvan-HW02.app */ = {isa = PBXFileReference; explicitFileType = wrapper.application; includeInIndex = 0; path = "OTUS-DudarevIvan-HW02.app"; sourceTree = BUILT_PRODUCTS_DIR; };
		D1F129A7260D987500161270 /* OTUS_DudarevIvan_HW02App.swift */ = {isa = PBXFileReference; lastKnownFileType = sourcecode.swift; path = OTUS_DudarevIvan_HW02App.swift; sourceTree = "<group>"; };
		D1F129A9260D987500161270 /* SportsScreen.swift */ = {isa = PBXFileReference; lastKnownFileType = sourcecode.swift; path = SportsScreen.swift; sourceTree = "<group>"; };
		D1F129AB260D987600161270 /* Assets.xcassets */ = {isa = PBXFileReference; lastKnownFileType = folder.assetcatalog; path = Assets.xcassets; sourceTree = "<group>"; };
		D1F129AE260D987600161270 /* Preview Assets.xcassets */ = {isa = PBXFileReference; lastKnownFileType = folder.assetcatalog; path = "Preview Assets.xcassets"; sourceTree = "<group>"; };
		D1F129B0260D987600161270 /* Info.plist */ = {isa = PBXFileReference; lastKnownFileType = text.plist.xml; path = Info.plist; sourceTree = "<group>"; };
		D1F129B8260D994E00161270 /* FootballNetworking */ = {isa = PBXFileReference; lastKnownFileType = folder; path = FootballNetworking; sourceTree = "<group>"; };
		D1F129BA260D99A200161270 /* football.yaml */ = {isa = PBXFileReference; fileEncoding = 4; lastKnownFileType = text.yaml; path = football.yaml; sourceTree = "<group>"; };
		D1F129BD260D99A200161270 /* generateFootball.sh */ = {isa = PBXFileReference; fileEncoding = 4; lastKnownFileType = text.script.sh; path = generateFootball.sh; sourceTree = "<group>"; };
/* End PBXFileReference section */

/* Begin PBXFrameworksBuildPhase section */
		D1F129A1260D987500161270 /* Frameworks */ = {
			isa = PBXFrameworksBuildPhase;
			buildActionMask = 2147483647;
			files = (
				D19BD195260DB45300B3FEB8 /* FootballNetworking in Frameworks */,
			);
			runOnlyForDeploymentPostprocessing = 0;
		};
/* End PBXFrameworksBuildPhase section */

/* Begin PBXGroup section */
		D19BD1B4260FC27D00B3FEB8 /* ViewModels */ = {
			isa = PBXGroup;
			children = (
				D19BD1BE260FC51000B3FEB8 /* ImageViewModel.swift */,
				D19BD20C2614CF9300B3FEB8 /* FootballViewModel.swift */,
				D19BD20F2614CFC900B3FEB8 /* ArchiveViewModel.swift */,
			);
			path = ViewModels;
			sourceTree = "<group>";
		};
		D19BD1C2260FC64800B3FEB8 /* UIComponents */ = {
			isa = PBXGroup;
			children = (
				D19BD2152614D08400B3FEB8 /* StackNavigationController */,
				D1B52DCD26160EF600843334 /* HeaderView.swift */,
			);
			path = UIComponents;
			sourceTree = "<group>";
		};
		D19BD2152614D08400B3FEB8 /* StackNavigationController */ = {
			isa = PBXGroup;
			children = (
				D19BD2162614D0AA00B3FEB8 /* NavigationView.swift */,
				D19BD21C2614D10B00B3FEB8 /* NavigationViewModel.swift */,
				D19BD2192614D0DE00B3FEB8 /* NavigationModel.swift */,
			);
			path = StackNavigationController;
			sourceTree = "<group>";
		};
		D1B52DBD2615D40900843334 /* Extension */ = {
			isa = PBXGroup;
			children = (
				D1B52DBE2615D42E00843334 /* Collection.swift */,
				D1B52DC22615D77C00843334 /* Archive+Identifiable.swift */,
			);
			path = Extension;
			sourceTree = "<group>";
		};
		D1B52DC72616094200843334 /* Screens */ = {
			isa = PBXGroup;
			children = (
				D1F129A9260D987500161270 /* SportsScreen.swift */,
				D19BD2252614D93500B3FEB8 /* CountriesScreen.swift */,
				D19BD2222614D90200B3FEB8 /* LeaguesScreen.swift */,
				D19BD23B26158ACB00B3FEB8 /* SeasonsScreen.swift */,
				D19BD22F2614EE0F00B3FEB8 /* GamesScreen.swift */,
			);
			path = Screens;
			sourceTree = "<group>";
		};
		D1F1299B260D987500161270 = {
			isa = PBXGroup;
			children = (
				D1F129BA260D99A200161270 /* football.yaml */,
				D1F129BD260D99A200161270 /* generateFootball.sh */,
				D1B52DBD2615D40900843334 /* Extension */,
				D1F129B7260D988600161270 /* Modules */,
				D1F129A6260D987500161270 /* OTUS-DudarevIvan-HW02 */,
				D1F129A5260D987500161270 /* Products */,
				D1F129C3260D9B4900161270 /* Frameworks */,
			);
			sourceTree = "<group>";
		};
		D1F129A5260D987500161270 /* Products */ = {
			isa = PBXGroup;
			children = (
				D1F129A4260D987500161270 /* OTUS-DudarevIvan-HW02.app */,
			);
			name = Products;
			sourceTree = "<group>";
		};
		D1F129A6260D987500161270 /* OTUS-DudarevIvan-HW02 */ = {
			isa = PBXGroup;
			children = (
				D1F129A7260D987500161270 /* OTUS_DudarevIvan_HW02App.swift */,
				D1B52DC72616094200843334 /* Screens */,
				D19BD1B4260FC27D00B3FEB8 /* ViewModels */,
				D19BD1C2260FC64800B3FEB8 /* UIComponents */,
				D1F129AB260D987600161270 /* Assets.xcassets */,
				D1F129B0260D987600161270 /* Info.plist */,
				D1F129AD260D987600161270 /* Preview Content */,
			);
			path = "OTUS-DudarevIvan-HW02";
			sourceTree = "<group>";
		};
		D1F129AD260D987600161270 /* Preview Content */ = {
			isa = PBXGroup;
			children = (
				D1F129AE260D987600161270 /* Preview Assets.xcassets */,
			);
			path = "Preview Content";
			sourceTree = "<group>";
		};
		D1F129B7260D988600161270 /* Modules */ = {
			isa = PBXGroup;
			children = (
				D1F129B8260D994E00161270 /* FootballNetworking */,
			);
			path = Modules;
			sourceTree = "<group>";
		};
		D1F129C3260D9B4900161270 /* Frameworks */ = {
			isa = PBXGroup;
			children = (
			);
			name = Frameworks;
			sourceTree = "<group>";
		};
/* End PBXGroup section */

/* Begin PBXNativeTarget section */
		D1F129A3260D987500161270 /* OTUS-DudarevIvan-HW02 */ = {
			isa = PBXNativeTarget;
			buildConfigurationList = D1F129B3260D987600161270 /* Build configuration list for PBXNativeTarget "OTUS-DudarevIvan-HW02" */;
			buildPhases = (
				D1F129A0260D987500161270 /* Sources */,
				D1F129A1260D987500161270 /* Frameworks */,
				D1F129A2260D987500161270 /* Resources */,
			);
			buildRules = (
			);
			dependencies = (
			);
			name = "OTUS-DudarevIvan-HW02";
			packageProductDependencies = (
				D19BD194260DB45300B3FEB8 /* FootballNetworking */,
			);
			productName = "OTUS-DudarevIvan-HW02";
			productReference = D1F129A4260D987500161270 /* OTUS-DudarevIvan-HW02.app */;
			productType = "com.apple.product-type.application";
		};
/* End PBXNativeTarget section */

/* Begin PBXProject section */
		D1F1299C260D987500161270 /* Project object */ = {
			isa = PBXProject;
			attributes = {
				LastSwiftUpdateCheck = 1240;
				LastUpgradeCheck = 1240;
				TargetAttributes = {
					D1F129A3260D987500161270 = {
						CreatedOnToolsVersion = 12.4;
					};
				};
			};
			buildConfigurationList = D1F1299F260D987500161270 /* Build configuration list for PBXProject "OTUS-DudarevIvan-HW02" */;
			compatibilityVersion = "Xcode 9.3";
			developmentRegion = en;
			hasScannedForEncodings = 0;
			knownRegions = (
				en,
				Base,
			);
			mainGroup = D1F1299B260D987500161270;
			productRefGroup = D1F129A5260D987500161270 /* Products */;
			projectDirPath = "";
			projectRoot = "";
			targets = (
				D1F129A3260D987500161270 /* OTUS-DudarevIvan-HW02 */,
			);
		};
/* End PBXProject section */

/* Begin PBXResourcesBuildPhase section */
		D1F129A2260D987500161270 /* Resources */ = {
			isa = PBXResourcesBuildPhase;
			buildActionMask = 2147483647;
			files = (
				D1F129AF260D987600161270 /* Preview Assets.xcassets in Resources */,
				D1F129AC260D987600161270 /* Assets.xcassets in Resources */,
				D1F129C1260D99A200161270 /* generateFootball.sh in Resources */,
				D1F129BE260D99A200161270 /* football.yaml in Resources */,
			);
			runOnlyForDeploymentPostprocessing = 0;
		};
/* End PBXResourcesBuildPhase section */

/* Begin PBXSourcesBuildPhase section */
		D1F129A0260D987500161270 /* Sources */ = {
			isa = PBXSourcesBuildPhase;
			buildActionMask = 2147483647;
			files = (
				D19BD21D2614D10B00B3FEB8 /* NavigationViewModel.swift in Sources */,
				D1B52DC32615D77C00843334 /* Archive+Identifiable.swift in Sources */,
				D19BD2262614D93500B3FEB8 /* CountriesScreen.swift in Sources */,
				D19BD20D2614CF9300B3FEB8 /* FootballViewModel.swift in Sources */,
				D19BD21A2614D0DE00B3FEB8 /* NavigationModel.swift in Sources */,
				D1B52DBF2615D42E00843334 /* Collection.swift in Sources */,
				D19BD2172614D0AA00B3FEB8 /* NavigationView.swift in Sources */,
				D19BD2302614EE0F00B3FEB8 /* GamesScreen.swift in Sources */,
				D19BD23C26158ACB00B3FEB8 /* SeasonsScreen.swift in Sources */,
				D19BD1BF260FC51000B3FEB8 /* ImageViewModel.swift in Sources */,
				D1B52DCE26160EF600843334 /* HeaderView.swift in Sources */,
				D19BD2102614CFC900B3FEB8 /* ArchiveViewModel.swift in Sources */,
				D1F129AA260D987500161270 /* SportsScreen.swift in Sources */,
				D1F129A8260D987500161270 /* OTUS_DudarevIvan_HW02App.swift in Sources */,
				D19BD2232614D90200B3FEB8 /* LeaguesScreen.swift in Sources */,
			);
			runOnlyForDeploymentPostprocessing = 0;
		};
/* End PBXSourcesBuildPhase section */

/* Begin XCBuildConfiguration section */
		D1F129B1260D987600161270 /* Debug */ = {
			isa = XCBuildConfiguration;
			buildSettings = {
				ALWAYS_SEARCH_USER_PATHS = NO;
				CLANG_ANALYZER_NONNULL = YES;
				CLANG_ANALYZER_NUMBER_OBJECT_CONVERSION = YES_AGGRESSIVE;
				CLANG_CXX_LANGUAGE_STANDARD = "gnu++14";
				CLANG_CXX_LIBRARY = "libc++";
				CLANG_ENABLE_MODULES = YES;
				CLANG_ENABLE_OBJC_ARC = YES;
				CLANG_ENABLE_OBJC_WEAK = YES;
				CLANG_WARN_BLOCK_CAPTURE_AUTORELEASING = YES;
				CLANG_WARN_BOOL_CONVERSION = YES;
				CLANG_WARN_COMMA = YES;
				CLANG_WARN_CONSTANT_CONVERSION = YES;
				CLANG_WARN_DEPRECATED_OBJC_IMPLEMENTATIONS = YES;
				CLANG_WARN_DIRECT_OBJC_ISA_USAGE = YES_ERROR;
				CLANG_WARN_DOCUMENTATION_COMMENTS = YES;
				CLANG_WARN_EMPTY_BODY = YES;
				CLANG_WARN_ENUM_CONVERSION = YES;
				CLANG_WARN_INFINITE_RECURSION = YES;
				CLANG_WARN_INT_CONVERSION = YES;
				CLANG_WARN_NON_LITERAL_NULL_CONVERSION = YES;
				CLANG_WARN_OBJC_IMPLICIT_RETAIN_SELF = YES;
				CLANG_WARN_OBJC_LITERAL_CONVERSION = YES;
				CLANG_WARN_OBJC_ROOT_CLASS = YES_ERROR;
				CLANG_WARN_QUOTED_INCLUDE_IN_FRAMEWORK_HEADER = YES;
				CLANG_WARN_RANGE_LOOP_ANALYSIS = YES;
				CLANG_WARN_STRICT_PROTOTYPES = YES;
				CLANG_WARN_SUSPICIOUS_MOVE = YES;
				CLANG_WARN_UNGUARDED_AVAILABILITY = YES_AGGRESSIVE;
				CLANG_WARN_UNREACHABLE_CODE = YES;
				CLANG_WARN__DUPLICATE_METHOD_MATCH = YES;
				COPY_PHASE_STRIP = NO;
				DEBUG_INFORMATION_FORMAT = dwarf;
				ENABLE_STRICT_OBJC_MSGSEND = YES;
				ENABLE_TESTABILITY = YES;
				GCC_C_LANGUAGE_STANDARD = gnu11;
				GCC_DYNAMIC_NO_PIC = NO;
				GCC_NO_COMMON_BLOCKS = YES;
				GCC_OPTIMIZATION_LEVEL = 0;
				GCC_PREPROCESSOR_DEFINITIONS = (
					"DEBUG=1",
					"$(inherited)",
				);
				GCC_WARN_64_TO_32_BIT_CONVERSION = YES;
				GCC_WARN_ABOUT_RETURN_TYPE = YES_ERROR;
				GCC_WARN_UNDECLARED_SELECTOR = YES;
				GCC_WARN_UNINITIALIZED_AUTOS = YES_AGGRESSIVE;
				GCC_WARN_UNUSED_FUNCTION = YES;
				GCC_WARN_UNUSED_VARIABLE = YES;
				IPHONEOS_DEPLOYMENT_TARGET = 14.4;
				MTL_ENABLE_DEBUG_INFO = INCLUDE_SOURCE;
				MTL_FAST_MATH = YES;
				ONLY_ACTIVE_ARCH = YES;
				SDKROOT = iphoneos;
				SWIFT_ACTIVE_COMPILATION_CONDITIONS = DEBUG;
				SWIFT_OPTIMIZATION_LEVEL = "-Onone";
			};
			name = Debug;
		};
		D1F129B2260D987600161270 /* Release */ = {
			isa = XCBuildConfiguration;
			buildSettings = {
				ALWAYS_SEARCH_USER_PATHS = NO;
				CLANG_ANALYZER_NONNULL = YES;
				CLANG_ANALYZER_NUMBER_OBJECT_CONVERSION = YES_AGGRESSIVE;
				CLANG_CXX_LANGUAGE_STANDARD = "gnu++14";
				CLANG_CXX_LIBRARY = "libc++";
				CLANG_ENABLE_MODULES = YES;
				CLANG_ENABLE_OBJC_ARC = YES;
				CLANG_ENABLE_OBJC_WEAK = YES;
				CLANG_WARN_BLOCK_CAPTURE_AUTORELEASING = YES;
				CLANG_WARN_BOOL_CONVERSION = YES;
				CLANG_WARN_COMMA = YES;
				CLANG_WARN_CONSTANT_CONVERSION = YES;
				CLANG_WARN_DEPRECATED_OBJC_IMPLEMENTATIONS = YES;
				CLANG_WARN_DIRECT_OBJC_ISA_USAGE = YES_ERROR;
				CLANG_WARN_DOCUMENTATION_COMMENTS = YES;
				CLANG_WARN_EMPTY_BODY = YES;
				CLANG_WARN_ENUM_CONVERSION = YES;
				CLANG_WARN_INFINITE_RECURSION = YES;
				CLANG_WARN_INT_CONVERSION = YES;
				CLANG_WARN_NON_LITERAL_NULL_CONVERSION = YES;
				CLANG_WARN_OBJC_IMPLICIT_RETAIN_SELF = YES;
				CLANG_WARN_OBJC_LITERAL_CONVERSION = YES;
				CLANG_WARN_OBJC_ROOT_CLASS = YES_ERROR;
				CLANG_WARN_QUOTED_INCLUDE_IN_FRAMEWORK_HEADER = YES;
				CLANG_WARN_RANGE_LOOP_ANALYSIS = YES;
				CLANG_WARN_STRICT_PROTOTYPES = YES;
				CLANG_WARN_SUSPICIOUS_MOVE = YES;
				CLANG_WARN_UNGUARDED_AVAILABILITY = YES_AGGRESSIVE;
				CLANG_WARN_UNREACHABLE_CODE = YES;
				CLANG_WARN__DUPLICATE_METHOD_MATCH = YES;
				COPY_PHASE_STRIP = NO;
				DEBUG_INFORMATION_FORMAT = "dwarf-with-dsym";
				ENABLE_NS_ASSERTIONS = NO;
				ENABLE_STRICT_OBJC_MSGSEND = YES;
				GCC_C_LANGUAGE_STANDARD = gnu11;
				GCC_NO_COMMON_BLOCKS = YES;
				GCC_WARN_64_TO_32_BIT_CONVERSION = YES;
				GCC_WARN_ABOUT_RETURN_TYPE = YES_ERROR;
				GCC_WARN_UNDECLARED_SELECTOR = YES;
				GCC_WARN_UNINITIALIZED_AUTOS = YES_AGGRESSIVE;
				GCC_WARN_UNUSED_FUNCTION = YES;
				GCC_WARN_UNUSED_VARIABLE = YES;
				IPHONEOS_DEPLOYMENT_TARGET = 14.4;
				MTL_ENABLE_DEBUG_INFO = NO;
				MTL_FAST_MATH = YES;
				SDKROOT = iphoneos;
				SWIFT_COMPILATION_MODE = wholemodule;
				SWIFT_OPTIMIZATION_LEVEL = "-O";
				VALIDATE_PRODUCT = YES;
			};
			name = Release;
		};
		D1F129B4260D987600161270 /* Debug */ = {
			isa = XCBuildConfiguration;
			buildSettings = {
				ASSETCATALOG_COMPILER_APPICON_NAME = AppIcon;
				ASSETCATALOG_COMPILER_GLOBAL_ACCENT_COLOR_NAME = AccentColor;
				CODE_SIGN_STYLE = Automatic;
				DEVELOPMENT_ASSET_PATHS = "\"OTUS-DudarevIvan-HW02/Preview Content\"";
				DEVELOPMENT_TEAM = 249UEHKB7H;
				ENABLE_PREVIEWS = YES;
				INFOPLIST_FILE = "OTUS-DudarevIvan-HW02/Info.plist";
				IPHONEOS_DEPLOYMENT_TARGET = 14.0;
				LD_RUNPATH_SEARCH_PATHS = (
					"$(inherited)",
					"@executable_path/Frameworks",
				);
				PRODUCT_BUNDLE_IDENTIFIER = "com.icloud.dudarevmail.OTUS-DudarevIvan-HW02";
				PRODUCT_NAME = "$(TARGET_NAME)";
				SWIFT_VERSION = 5.0;
				TARGETED_DEVICE_FAMILY = "1,2";
			};
			name = Debug;
		};
		D1F129B5260D987600161270 /* Release */ = {
			isa = XCBuildConfiguration;
			buildSettings = {
				ASSETCATALOG_COMPILER_APPICON_NAME = AppIcon;
				ASSETCATALOG_COMPILER_GLOBAL_ACCENT_COLOR_NAME = AccentColor;
				CODE_SIGN_STYLE = Automatic;
				DEVELOPMENT_ASSET_PATHS = "\"OTUS-DudarevIvan-HW02/Preview Content\"";
				DEVELOPMENT_TEAM = 249UEHKB7H;
				ENABLE_PREVIEWS = YES;
				INFOPLIST_FILE = "OTUS-DudarevIvan-HW02/Info.plist";
				IPHONEOS_DEPLOYMENT_TARGET = 14.0;
				LD_RUNPATH_SEARCH_PATHS = (
					"$(inherited)",
					"@executable_path/Frameworks",
				);
				PRODUCT_BUNDLE_IDENTIFIER = "com.icloud.dudarevmail.OTUS-DudarevIvan-HW02";
				PRODUCT_NAME = "$(TARGET_NAME)";
				SWIFT_VERSION = 5.0;
				TARGETED_DEVICE_FAMILY = "1,2";
			};
			name = Release;
		};
/* End XCBuildConfiguration section */

/* Begin XCConfigurationList section */
		D1F1299F260D987500161270 /* Build configuration list for PBXProject "OTUS-DudarevIvan-HW02" */ = {
			isa = XCConfigurationList;
			buildConfigurations = (
				D1F129B1260D987600161270 /* Debug */,
				D1F129B2260D987600161270 /* Release */,
			);
			defaultConfigurationIsVisible = 0;
			defaultConfigurationName = Release;
		};
		D1F129B3260D987600161270 /* Build configuration list for PBXNativeTarget "OTUS-DudarevIvan-HW02" */ = {
			isa = XCConfigurationList;
			buildConfigurations = (
				D1F129B4260D987600161270 /* Debug */,
				D1F129B5260D987600161270 /* Release */,
			);
			defaultConfigurationIsVisible = 0;
			defaultConfigurationName = Release;
		};
/* End XCConfigurationList section */

/* Begin XCSwiftPackageProductDependency section */
		D19BD194260DB45300B3FEB8 /* FootballNetworking */ = {
			isa = XCSwiftPackageProductDependency;
			productName = FootballNetworking;
		};
/* End XCSwiftPackageProductDependency section */
	};
	rootObject = D1F1299C260D987500161270 /* Project object */;
}
